
Microsoft Visual Studio Solution File, Format Version 12.00
# Visual Studio Version 17
VisualStudioVersion = 17.13.35806.99
MinimumVisualStudioVersion = 10.0.40219.1
Project("{FAE04EC0-301F-11D3-BF4B-00C04F79EFBC}") = "Rhein.TicoDeGente.Domain", "Rhein.TicoDeGente.Domain\Rhein.TicoDeGente.Domain.csproj", "{074B94A9-B4A3-4795-86C9-8136C9C02B83}"
EndProject
Project("{2150E333-8FDC-42A3-9474-1A3956D46DE8}") = "3-Domain", "3-Domain", "{02EA681E-C7D8-13C7-8484-4AC65E1B71E8}"
EndProject
Project("{2150E333-8FDC-42A3-9474-1A3956D46DE8}") = "4-Infrastructure", "4-Infrastructure", "{06DB8D1B-9649-4F4E-A78F-0D7C274C4AC1}"
EndProject
Project("{2150E333-8FDC-42A3-9474-1A3956D46DE8}") = "2-Application", "2-Application", "{D80B0404-2911-47AB-9A7E-172DECD4EAB6}"
EndProject
Project("{2150E333-8FDC-42A3-9474-1A3956D46DE8}") = "1-Presentation", "1-Presentation", "{FC75C89E-8396-4C3F-A28E-869D09DB7A82}"
EndProject
Project("{2150E333-8FDC-42A3-9474-1A3956D46DE8}") = "4.1-Data", "4.1-Data", "{AEF71CF8-FFDC-4202-A94A-524967367CD9}"
EndProject
Project("{FAE04EC0-301F-11D3-BF4B-00C04F79EFBC}") = "Rhein.TicoDeGente.Repository", "Rhein.TicoDeGente.Repository\Rhein.TicoDeGente.Repository.csproj", "{DBFFF7EC-0168-4DFF-973E-F521AFEA0393}"
EndProject
Global
	GlobalSection(SolutionConfigurationPlatforms) = preSolution
		Debug|Any CPU = Debug|Any CPU
		Release|Any CPU = Release|Any CPU
	EndGlobalSection
	GlobalSection(ProjectConfigurationPlatforms) = postSolution
		{074B94A9-B4A3-4795-86C9-8136C9C02B83}.Debug|Any CPU.ActiveCfg = Debug|Any CPU
		{074B94A9-B4A3-4795-86C9-8136C9C02B83}.Debug|Any CPU.Build.0 = Debug|Any CPU
		{074B94A9-B4A3-4795-86C9-8136C9C02B83}.Release|Any CPU.ActiveCfg = Release|Any CPU
		{074B94A9-B4A3-4795-86C9-8136C9C02B83}.Release|Any CPU.Build.0 = Release|Any CPU
		{DBFFF7EC-0168-4DFF-973E-F521AFEA0393}.Debug|Any CPU.ActiveCfg = Debug|Any CPU
		{DBFFF7EC-0168-4DFF-973E-F521AFEA0393}.Debug|Any CPU.Build.0 = Debug|Any CPU
		{DBFFF7EC-0168-4DFF-973E-F521AFEA0393}.Release|Any CPU.ActiveCfg = Release|Any CPU
		{DBFFF7EC-0168-4DFF-973E-F521AFEA0393}.Release|Any CPU.Build.0 = Release|Any CPU
	EndGlobalSection
	GlobalSection(SolutionProperties) = preSolution
		HideSolutionNode = FALSE
	EndGlobalSection
	GlobalSection(NestedProjects) = preSolution
		{074B94A9-B4A3-4795-86C9-8136C9C02B83} = {02EA681E-C7D8-13C7-8484-4AC65E1B71E8}
		{AEF71CF8-FFDC-4202-A94A-524967367CD9} = {06DB8D1B-9649-4F4E-A78F-0D7C274C4AC1}
		{DBFFF7EC-0168-4DFF-973E-F521AFEA0393} = {AEF71CF8-FFDC-4202-A94A-524967367CD9}
	EndGlobalSection
	GlobalSection(ExtensibilityGlobals) = postSolution
		SolutionGuid = {35CCFFD2-A30F-4B94-A5E8-C2E3DD9B86DC}
	EndGlobalSection
EndGlobal
